
Microsoft Visual Studio Solution File, Format Version 12.00
# Visual Studio Version 16
VisualStudioVersion = 16.0.31515.178
MinimumVisualStudioVersion = 10.0.40219.1
Project("{FAE04EC0-301F-11D3-BF4B-00C04F79EFBC}") = "Introduction", "Introduction\Introduction.csproj", "{B11FE9D5-D141-4D1D-A5E9-8CAFE7F8397E}"
EndProject
Project("{FAE04EC0-301F-11D3-BF4B-00C04F79EFBC}") = "Features", "Features\Features.csproj", "{DBDB1400-4447-417A-9C39-4F296479E31A}"
EndProject
Global
	GlobalSection(SolutionConfigurationPlatforms) = preSolution
		Debug|Any CPU = Debug|Any CPU
		Release|Any CPU = Release|Any CPU
	EndGlobalSection
	GlobalSection(ProjectConfigurationPlatforms) = postSolution
		{B11FE9D5-D141-4D1D-A5E9-8CAFE7F8397E}.Debug|Any CPU.ActiveCfg = Debug|Any CPU
		{B11FE9D5-D141-4D1D-A5E9-8CAFE7F8397E}.Debug|Any CPU.Build.0 = Debug|Any CPU
		{B11FE9D5-D141-4D1D-A5E9-8CAFE7F8397E}.Release|Any CPU.ActiveCfg = Release|Any CPU
		{B11FE9D5-D141-4D1D-A5E9-8CAFE7F8397E}.Release|Any CPU.Build.0 = Release|Any CPU
		{DBDB1400-4447-417A-9C39-4F296479E31A}.Debug|Any CPU.ActiveCfg = Debug|Any CPU
		{DBDB1400-4447-417A-9C39-4F296479E31A}.Debug|Any CPU.Build.0 = Debug|Any CPU
		{DBDB1400-4447-417A-9C39-4F296479E31A}.Release|Any CPU.ActiveCfg = Release|Any CPU
		{DBDB1400-4447-417A-9C39-4F296479E31A}.Release|Any CPU.Build.0 = Release|Any CPU
	EndGlobalSection
	GlobalSection(SolutionProperties) = preSolution
		HideSolutionNode = FALSE
	EndGlobalSection
	GlobalSection(ExtensibilityGlobals) = postSolution
		SolutionGuid = {06072D43-8DF1-4EBE-BC59-9A0856B479F3}
	EndGlobalSection
EndGlobal
